
Microsoft Visual Studio Solution File, Format Version 12.00
Project("{FAE04EC0-301F-11D3-BF4B-00C04F79EFBC}") = "TodoList", "TodoList\TodoList.csproj", "{D7FB99CB-1417-4446-B2F1-55F2FFE4C890}"
EndProject
Global
	GlobalSection(SolutionConfigurationPlatforms) = preSolution
		Debug|Any CPU = Debug|Any CPU
		Release|Any CPU = Release|Any CPU
	EndGlobalSection
	GlobalSection(ProjectConfigurationPlatforms) = postSolution
		{D7FB99CB-1417-4446-B2F1-55F2FFE4C890}.Debug|Any CPU.ActiveCfg = Debug|Any CPU
		{D7FB99CB-1417-4446-B2F1-55F2FFE4C890}.Debug|Any CPU.Build.0 = Debug|Any CPU
		{D7FB99CB-1417-4446-B2F1-55F2FFE4C890}.Release|Any CPU.ActiveCfg = Release|Any CPU
		{D7FB99CB-1417-4446-B2F1-55F2FFE4C890}.Release|Any CPU.Build.0 = Release|Any CPU
	EndGlobalSection
EndGlobal
